
Microsoft Visual Studio Solution File, Format Version 12.00
# Visual Studio Version 16
VisualStudioVersion = 16.0.31911.196
MinimumVisualStudioVersion = 10.0.40219.1
Project("{FAE04EC0-301F-11D3-BF4B-00C04F79EFBC}") = "exam_5", "exam_5\exam_5.csproj", "{1694CC9E-750D-453D-89E8-C9816E843EA3}"
EndProject
Global
	GlobalSection(SolutionConfigurationPlatforms) = preSolution
		Debug|Any CPU = Debug|Any CPU
		Release|Any CPU = Release|Any CPU
	EndGlobalSection
	GlobalSection(ProjectConfigurationPlatforms) = postSolution
		{1694CC9E-750D-453D-89E8-C9816E843EA3}.Debug|Any CPU.ActiveCfg = Debug|Any CPU
		{1694CC9E-750D-453D-89E8-C9816E843EA3}.Debug|Any CPU.Build.0 = Debug|Any CPU
		{1694CC9E-750D-453D-89E8-C9816E843EA3}.Release|Any CPU.ActiveCfg = Release|Any CPU
		{1694CC9E-750D-453D-89E8-C9816E843EA3}.Release|Any CPU.Build.0 = Release|Any CPU
	EndGlobalSection
	GlobalSection(SolutionProperties) = preSolution
		HideSolutionNode = FALSE
	EndGlobalSection
	GlobalSection(ExtensibilityGlobals) = postSolution
		SolutionGuid = {27FF4E41-5B48-47EB-8C26-99BC6F9E61B5}
	EndGlobalSection
EndGlobal
