
Microsoft Visual Studio Solution File, Format Version 12.00
# Visual Studio Version 16
VisualStudioVersion = 16.0.31911.196
MinimumVisualStudioVersion = 10.0.40219.1
Project("{FAE04EC0-301F-11D3-BF4B-00C04F79EFBC}") = "ConsoleAppexam_4", "ConsoleAppexam_4\ConsoleAppexam_4.csproj", "{04F319A1-7E5F-4C16-841F-0EDC10557ED5}"
EndProject
Global
	GlobalSection(SolutionConfigurationPlatforms) = preSolution
		Debug|Any CPU = Debug|Any CPU
		Release|Any CPU = Release|Any CPU
	EndGlobalSection
	GlobalSection(ProjectConfigurationPlatforms) = postSolution
		{04F319A1-7E5F-4C16-841F-0EDC10557ED5}.Debug|Any CPU.ActiveCfg = Debug|Any CPU
		{04F319A1-7E5F-4C16-841F-0EDC10557ED5}.Debug|Any CPU.Build.0 = Debug|Any CPU
		{04F319A1-7E5F-4C16-841F-0EDC10557ED5}.Release|Any CPU.ActiveCfg = Release|Any CPU
		{04F319A1-7E5F-4C16-841F-0EDC10557ED5}.Release|Any CPU.Build.0 = Release|Any CPU
	EndGlobalSection
	GlobalSection(SolutionProperties) = preSolution
		HideSolutionNode = FALSE
	EndGlobalSection
	GlobalSection(ExtensibilityGlobals) = postSolution
		SolutionGuid = {7754847C-A840-490E-AC3D-C0DB3064CA10}
	EndGlobalSection
EndGlobal
