
Microsoft Visual Studio Solution File, Format Version 12.00
# Visual Studio Version 16
VisualStudioVersion = 16.0.31911.196
MinimumVisualStudioVersion = 10.0.40219.1
Project("{FAE04EC0-301F-11D3-BF4B-00C04F79EFBC}") = "ss1", "ss1\ss1.csproj", "{52812E9B-FC86-4502-945D-7B9066763E00}"
EndProject
Global
	GlobalSection(SolutionConfigurationPlatforms) = preSolution
		Debug|Any CPU = Debug|Any CPU
		Release|Any CPU = Release|Any CPU
	EndGlobalSection
	GlobalSection(ProjectConfigurationPlatforms) = postSolution
		{52812E9B-FC86-4502-945D-7B9066763E00}.Debug|Any CPU.ActiveCfg = Debug|Any CPU
		{52812E9B-FC86-4502-945D-7B9066763E00}.Debug|Any CPU.Build.0 = Debug|Any CPU
		{52812E9B-FC86-4502-945D-7B9066763E00}.Release|Any CPU.ActiveCfg = Release|Any CPU
		{52812E9B-FC86-4502-945D-7B9066763E00}.Release|Any CPU.Build.0 = Release|Any CPU
	EndGlobalSection
	GlobalSection(SolutionProperties) = preSolution
		HideSolutionNode = FALSE
	EndGlobalSection
	GlobalSection(ExtensibilityGlobals) = postSolution
		SolutionGuid = {849AC0DE-E3F5-49BD-A5C2-B7F0CD14A110}
	EndGlobalSection
EndGlobal
